
Microsoft Visual Studio Solution File, Format Version 12.00
# Visual Studio 15
VisualStudioVersion = 15.0.28307.168
MinimumVisualStudioVersion = 10.0.40219.1
Project("{FAE04EC0-301F-11D3-BF4B-00C04F79EFBC}") = "GoogleSheets", "GoogleSheets\GoogleSheets.csproj", "{44DD0FC7-87E6-4B2C-A9C6-076B451692ED}"
EndProject
Global
	GlobalSection(SolutionConfigurationPlatforms) = preSolution
		Debug|Any CPU = Debug|Any CPU
		Release|Any CPU = Release|Any CPU
	EndGlobalSection
	GlobalSection(ProjectConfigurationPlatforms) = postSolution
		{44DD0FC7-87E6-4B2C-A9C6-076B451692ED}.Debug|Any CPU.ActiveCfg = Debug|Any CPU
		{44DD0FC7-87E6-4B2C-A9C6-076B451692ED}.Debug|Any CPU.Build.0 = Debug|Any CPU
		{44DD0FC7-87E6-4B2C-A9C6-076B451692ED}.Release|Any CPU.ActiveCfg = Release|Any CPU
		{44DD0FC7-87E6-4B2C-A9C6-076B451692ED}.Release|Any CPU.Build.0 = Release|Any CPU
	EndGlobalSection
	GlobalSection(SolutionProperties) = preSolution
		HideSolutionNode = FALSE
	EndGlobalSection
	GlobalSection(ExtensibilityGlobals) = postSolution
		SolutionGuid = {3FFEDD53-2D5B-4883-B27F-95D3BCF44C58}
	EndGlobalSection
EndGlobal
